
Microsoft Visual Studio Solution File, Format Version 12.00
# Visual Studio Version 17
VisualStudioVersion = 17.1.32210.238
MinimumVisualStudioVersion = 10.0.40219.1
Project("{FAE04EC0-301F-11D3-BF4B-00C04F79EFBC}") = "ExercicioResolvido13", "ExercicioResolvido13\ExercicioResolvido13.csproj", "{6ED2C942-43AB-47D9-B87A-449CB1E9A21E}"
EndProject
Global
	GlobalSection(SolutionConfigurationPlatforms) = preSolution
		Debug|Any CPU = Debug|Any CPU
		Release|Any CPU = Release|Any CPU
	EndGlobalSection
	GlobalSection(ProjectConfigurationPlatforms) = postSolution
		{6ED2C942-43AB-47D9-B87A-449CB1E9A21E}.Debug|Any CPU.ActiveCfg = Debug|Any CPU
		{6ED2C942-43AB-47D9-B87A-449CB1E9A21E}.Debug|Any CPU.Build.0 = Debug|Any CPU
		{6ED2C942-43AB-47D9-B87A-449CB1E9A21E}.Release|Any CPU.ActiveCfg = Release|Any CPU
		{6ED2C942-43AB-47D9-B87A-449CB1E9A21E}.Release|Any CPU.Build.0 = Release|Any CPU
	EndGlobalSection
	GlobalSection(SolutionProperties) = preSolution
		HideSolutionNode = FALSE
	EndGlobalSection
	GlobalSection(ExtensibilityGlobals) = postSolution
		SolutionGuid = {3C074661-E009-46A8-AA56-B6C5ED87E95D}
	EndGlobalSection
EndGlobal
