
Microsoft Visual Studio Solution File, Format Version 12.00
# Visual Studio Version 17
VisualStudioVersion = 17.1.32210.238
MinimumVisualStudioVersion = 10.0.40219.1
Project("{FAE04EC0-301F-11D3-BF4B-00C04F79EFBC}") = "ExercicioResolvido7", "ExercicioResolvido7\ExercicioResolvido7.csproj", "{7BAD7DDC-ACE5-4567-B4EF-50C3DDD17263}"
EndProject
Global
	GlobalSection(SolutionConfigurationPlatforms) = preSolution
		Debug|Any CPU = Debug|Any CPU
		Release|Any CPU = Release|Any CPU
	EndGlobalSection
	GlobalSection(ProjectConfigurationPlatforms) = postSolution
		{7BAD7DDC-ACE5-4567-B4EF-50C3DDD17263}.Debug|Any CPU.ActiveCfg = Debug|Any CPU
		{7BAD7DDC-ACE5-4567-B4EF-50C3DDD17263}.Debug|Any CPU.Build.0 = Debug|Any CPU
		{7BAD7DDC-ACE5-4567-B4EF-50C3DDD17263}.Release|Any CPU.ActiveCfg = Release|Any CPU
		{7BAD7DDC-ACE5-4567-B4EF-50C3DDD17263}.Release|Any CPU.Build.0 = Release|Any CPU
	EndGlobalSection
	GlobalSection(SolutionProperties) = preSolution
		HideSolutionNode = FALSE
	EndGlobalSection
	GlobalSection(ExtensibilityGlobals) = postSolution
		SolutionGuid = {29A76117-4446-46EC-BD10-C02CF5A4F2FC}
	EndGlobalSection
EndGlobal
