
Microsoft Visual Studio Solution File, Format Version 12.00
# Visual Studio Version 17
VisualStudioVersion = 17.1.32210.238
MinimumVisualStudioVersion = 10.0.40219.1
Project("{FAE04EC0-301F-11D3-BF4B-00C04F79EFBC}") = "ExercicioResolvido10", "ExercicioResolvido10\ExercicioResolvido10.csproj", "{78ED12B1-005C-41D8-BC07-C21E535F0FDC}"
EndProject
Global
	GlobalSection(SolutionConfigurationPlatforms) = preSolution
		Debug|Any CPU = Debug|Any CPU
		Release|Any CPU = Release|Any CPU
	EndGlobalSection
	GlobalSection(ProjectConfigurationPlatforms) = postSolution
		{78ED12B1-005C-41D8-BC07-C21E535F0FDC}.Debug|Any CPU.ActiveCfg = Debug|Any CPU
		{78ED12B1-005C-41D8-BC07-C21E535F0FDC}.Debug|Any CPU.Build.0 = Debug|Any CPU
		{78ED12B1-005C-41D8-BC07-C21E535F0FDC}.Release|Any CPU.ActiveCfg = Release|Any CPU
		{78ED12B1-005C-41D8-BC07-C21E535F0FDC}.Release|Any CPU.Build.0 = Release|Any CPU
	EndGlobalSection
	GlobalSection(SolutionProperties) = preSolution
		HideSolutionNode = FALSE
	EndGlobalSection
	GlobalSection(ExtensibilityGlobals) = postSolution
		SolutionGuid = {CFE7F45E-D25E-41BC-AE21-D5D711915593}
	EndGlobalSection
EndGlobal
