
Microsoft Visual Studio Solution File, Format Version 12.00
# Visual Studio Version 17
VisualStudioVersion = 17.1.32210.238
MinimumVisualStudioVersion = 10.0.40219.1
Project("{FAE04EC0-301F-11D3-BF4B-00C04F79EFBC}") = "ExercicioResolvido2", "ExercicioResolvido2\ExercicioResolvido2.csproj", "{032D66BD-0DAD-4E4B-A13E-6C92324C0A30}"
EndProject
Global
	GlobalSection(SolutionConfigurationPlatforms) = preSolution
		Debug|Any CPU = Debug|Any CPU
		Release|Any CPU = Release|Any CPU
	EndGlobalSection
	GlobalSection(ProjectConfigurationPlatforms) = postSolution
		{032D66BD-0DAD-4E4B-A13E-6C92324C0A30}.Debug|Any CPU.ActiveCfg = Debug|Any CPU
		{032D66BD-0DAD-4E4B-A13E-6C92324C0A30}.Debug|Any CPU.Build.0 = Debug|Any CPU
		{032D66BD-0DAD-4E4B-A13E-6C92324C0A30}.Release|Any CPU.ActiveCfg = Release|Any CPU
		{032D66BD-0DAD-4E4B-A13E-6C92324C0A30}.Release|Any CPU.Build.0 = Release|Any CPU
	EndGlobalSection
	GlobalSection(SolutionProperties) = preSolution
		HideSolutionNode = FALSE
	EndGlobalSection
	GlobalSection(ExtensibilityGlobals) = postSolution
		SolutionGuid = {3DC08491-C64D-4AC5-BF02-AE4286C0591C}
	EndGlobalSection
EndGlobal
