
Microsoft Visual Studio Solution File, Format Version 12.00
# Visual Studio Version 17
VisualStudioVersion = 17.1.32210.238
MinimumVisualStudioVersion = 10.0.40219.1
Project("{FAE04EC0-301F-11D3-BF4B-00C04F79EFBC}") = "ExercicioResolvido9", "ExercicioResolvido9\ExercicioResolvido9.csproj", "{CA81AAA2-2854-4A43-9926-0683C44F3246}"
EndProject
Global
	GlobalSection(SolutionConfigurationPlatforms) = preSolution
		Debug|Any CPU = Debug|Any CPU
		Release|Any CPU = Release|Any CPU
	EndGlobalSection
	GlobalSection(ProjectConfigurationPlatforms) = postSolution
		{CA81AAA2-2854-4A43-9926-0683C44F3246}.Debug|Any CPU.ActiveCfg = Debug|Any CPU
		{CA81AAA2-2854-4A43-9926-0683C44F3246}.Debug|Any CPU.Build.0 = Debug|Any CPU
		{CA81AAA2-2854-4A43-9926-0683C44F3246}.Release|Any CPU.ActiveCfg = Release|Any CPU
		{CA81AAA2-2854-4A43-9926-0683C44F3246}.Release|Any CPU.Build.0 = Release|Any CPU
	EndGlobalSection
	GlobalSection(SolutionProperties) = preSolution
		HideSolutionNode = FALSE
	EndGlobalSection
	GlobalSection(ExtensibilityGlobals) = postSolution
		SolutionGuid = {F3941AF5-21B1-479E-A44B-8F6B79AEB6EF}
	EndGlobalSection
EndGlobal
